
Microsoft Visual Studio Solution File, Format Version 12.00
# Visual Studio Version 17
VisualStudioVersion = 17.11.35431.28
MinimumVisualStudioVersion = 10.0.40219.1
Project("{FAE04EC0-301F-11D3-BF4B-00C04F79EFBC}") = "OOPS-Interfaces", "OOPS-Interfaces.csproj", "{3C80E5C9-F2EB-41F4-A1D1-B0A89496C1DD}"
EndProject
Project("{FAE04EC0-301F-11D3-BF4B-00C04F79EFBC}") = "ClassLibrary_For_Interfaces", "..\ClassLibrary_For_Interfaces\ClassLibrary_For_Interfaces.csproj", "{70B45136-B6DC-4100-AD88-64A653907765}"
EndProject
Global
	GlobalSection(SolutionConfigurationPlatforms) = preSolution
		Debug|Any CPU = Debug|Any CPU
		Release|Any CPU = Release|Any CPU
	EndGlobalSection
	GlobalSection(ProjectConfigurationPlatforms) = postSolution
		{3C80E5C9-F2EB-41F4-A1D1-B0A89496C1DD}.Debug|Any CPU.ActiveCfg = Debug|Any CPU
		{3C80E5C9-F2EB-41F4-A1D1-B0A89496C1DD}.Debug|Any CPU.Build.0 = Debug|Any CPU
		{3C80E5C9-F2EB-41F4-A1D1-B0A89496C1DD}.Release|Any CPU.ActiveCfg = Release|Any CPU
		{3C80E5C9-F2EB-41F4-A1D1-B0A89496C1DD}.Release|Any CPU.Build.0 = Release|Any CPU
		{70B45136-B6DC-4100-AD88-64A653907765}.Debug|Any CPU.ActiveCfg = Debug|Any CPU
		{70B45136-B6DC-4100-AD88-64A653907765}.Debug|Any CPU.Build.0 = Debug|Any CPU
		{70B45136-B6DC-4100-AD88-64A653907765}.Release|Any CPU.ActiveCfg = Release|Any CPU
		{70B45136-B6DC-4100-AD88-64A653907765}.Release|Any CPU.Build.0 = Release|Any CPU
	EndGlobalSection
	GlobalSection(SolutionProperties) = preSolution
		HideSolutionNode = FALSE
	EndGlobalSection
	GlobalSection(ExtensibilityGlobals) = postSolution
		SolutionGuid = {8D7BAA6C-AFBF-4033-8D81-45358D5BE081}
	EndGlobalSection
EndGlobal
