
Microsoft Visual Studio Solution File, Format Version 12.00
# Visual Studio Version 17
VisualStudioVersion = 17.11.35431.28
MinimumVisualStudioVersion = 10.0.40219.1
Project("{FAE04EC0-301F-11D3-BF4B-00C04F79EFBC}") = "OOPS-Indexers", "OOPS-Indexers.csproj", "{8EFF73B7-0F46-44CF-9ACA-BBCAB79CC161}"
EndProject
Project("{FAE04EC0-301F-11D3-BF4B-00C04F79EFBC}") = "ClassLibrary_For_Indexers", "..\ClassLibrary_For_Indexers\ClassLibrary_For_Indexers.csproj", "{876E17DC-8C3E-401E-910E-88C26436D9F5}"
EndProject
Global
	GlobalSection(SolutionConfigurationPlatforms) = preSolution
		Debug|Any CPU = Debug|Any CPU
		Release|Any CPU = Release|Any CPU
	EndGlobalSection
	GlobalSection(ProjectConfigurationPlatforms) = postSolution
		{8EFF73B7-0F46-44CF-9ACA-BBCAB79CC161}.Debug|Any CPU.ActiveCfg = Debug|Any CPU
		{8EFF73B7-0F46-44CF-9ACA-BBCAB79CC161}.Debug|Any CPU.Build.0 = Debug|Any CPU
		{8EFF73B7-0F46-44CF-9ACA-BBCAB79CC161}.Release|Any CPU.ActiveCfg = Release|Any CPU
		{8EFF73B7-0F46-44CF-9ACA-BBCAB79CC161}.Release|Any CPU.Build.0 = Release|Any CPU
		{876E17DC-8C3E-401E-910E-88C26436D9F5}.Debug|Any CPU.ActiveCfg = Debug|Any CPU
		{876E17DC-8C3E-401E-910E-88C26436D9F5}.Debug|Any CPU.Build.0 = Debug|Any CPU
		{876E17DC-8C3E-401E-910E-88C26436D9F5}.Release|Any CPU.ActiveCfg = Release|Any CPU
		{876E17DC-8C3E-401E-910E-88C26436D9F5}.Release|Any CPU.Build.0 = Release|Any CPU
	EndGlobalSection
	GlobalSection(SolutionProperties) = preSolution
		HideSolutionNode = FALSE
	EndGlobalSection
	GlobalSection(ExtensibilityGlobals) = postSolution
		SolutionGuid = {7137A1FA-0877-40DE-9781-248775C1AA16}
	EndGlobalSection
EndGlobal
